
Microsoft Visual Studio Solution File, Format Version 12.00
# Visual Studio 2013
VisualStudioVersion = 12.0.31101.0
MinimumVisualStudioVersion = 10.0.40219.1
Project("{8BC9CEB8-8B4A-11D0-8D11-00A0C91BC942}") = "nasm_vs", "nasm_vs.vcxproj", "{D6D1CEE6-F2A4-45F4-A51C-D0CE326D5D12}"
EndProject
Global
	GlobalSection(SolutionConfigurationPlatforms) = preSolution
		Debug|x64 = Debug|x64
		Debug|x86 = Debug|x86
		Release|x64 = Release|x64
		Release|x86 = Release|x86
	EndGlobalSection
	GlobalSection(ProjectConfigurationPlatforms) = postSolution
		{D6D1CEE6-F2A4-45F4-A51C-D0CE326D5D12}.Debug|x64.ActiveCfg = Debug|x64
		{D6D1CEE6-F2A4-45F4-A51C-D0CE326D5D12}.Debug|x64.Build.0 = Debug|x64
		{D6D1CEE6-F2A4-45F4-A51C-D0CE326D5D12}.Debug|x86.ActiveCfg = Debug|Win32
		{D6D1CEE6-F2A4-45F4-A51C-D0CE326D5D12}.Debug|x86.Build.0 = Debug|Win32
		{D6D1CEE6-F2A4-45F4-A51C-D0CE326D5D12}.Release|x64.ActiveCfg = Release|x64
		{D6D1CEE6-F2A4-45F4-A51C-D0CE326D5D12}.Release|x64.Build.0 = Release|x64
		{D6D1CEE6-F2A4-45F4-A51C-D0CE326D5D12}.Release|x86.ActiveCfg = Release|Win32
		{D6D1CEE6-F2A4-45F4-A51C-D0CE326D5D12}.Release|x86.Build.0 = Release|Win32
	EndGlobalSection
	GlobalSection(SolutionProperties) = preSolution
		HideSolutionNode = FALSE
	EndGlobalSection
	GlobalSection(ExtensibilityGlobals) = postSolution
		SolutionGuid = {7FB4D14D-9381-42DF-9251-E45895B71999}
	EndGlobalSection
EndGlobal
